
Microsoft Visual Studio Solution File, Format Version 12.00
# Visual Studio Version 17
VisualStudioVersion = 17.14.36119.2 d17.14
MinimumVisualStudioVersion = 10.0.40219.1
Project("{FAE04EC0-301F-11D3-BF4B-00C04F79EFBC}") = "IsoblocApp", "IsoblocApp\IsoblocApp.csproj", "{17EDD5E3-D368-45EC-A9CB-9DEF11334E21}"
EndProject
Global
	GlobalSection(SolutionConfigurationPlatforms) = preSolution
		Debug|Any CPU = Debug|Any CPU
		Release|Any CPU = Release|Any CPU
	EndGlobalSection
	GlobalSection(ProjectConfigurationPlatforms) = postSolution
		{17EDD5E3-D368-45EC-A9CB-9DEF11334E21}.Debug|Any CPU.ActiveCfg = Debug|Any CPU
		{17EDD5E3-D368-45EC-A9CB-9DEF11334E21}.Debug|Any CPU.Build.0 = Debug|Any CPU
		{17EDD5E3-D368-45EC-A9CB-9DEF11334E21}.Release|Any CPU.ActiveCfg = Release|Any CPU
		{17EDD5E3-D368-45EC-A9CB-9DEF11334E21}.Release|Any CPU.Build.0 = Release|Any CPU
	EndGlobalSection
	GlobalSection(SolutionProperties) = preSolution
		HideSolutionNode = FALSE
	EndGlobalSection
	GlobalSection(ExtensibilityGlobals) = postSolution
		SolutionGuid = {05E0C05B-8C65-46BF-81A4-3E15AF18C3F4}
	EndGlobalSection
EndGlobal
